{
  "name": "create-chrome-ext",
  "version": "0.2.0",
  "lockfileVersion": 1,
  "requires": true,
  "dependencies": {
    "@types/node": {
      "version": "14.18.18",
      "resolved": "https://registry.npmjs.org/@types/node/-/node-14.18.18.tgz",
      "integrity": "sha512-B9EoJFjhqcQ9OmQrNorItO+OwEOORNn3S31WuiHvZY/dm9ajkB7AKD/8toessEtHHNL+58jofbq7hMMY9v4yig==",
      "dev": true
    },
    "kleur": {
      "version": "3.0.3",
      "resolved": "https://registry.npmjs.org/kleur/-/kleur-3.0.3.tgz",
      "integrity": "sha512-eTIzlVOSUR+JxdDFepEYcBMtZ9Qqdef+rnzWdRZuMbOywu5tO2w2N7rqjoANZ5k9vywhL6Br1VRjUIgTQx4E8w=="
    },
    "kolorist": {
      "version": "1.5.1",
      "resolved": "https://registry.npmjs.org/kolorist/-/kolorist-1.5.1.tgz",
      "integrity": "sha512-lxpCM3HTvquGxKGzHeknB/sUjuVoUElLlfYnXZT73K8geR9jQbroGlSCFBax9/0mpGoD3kzcMLnOlGQPJJNyqQ=="
    },
    "minimist": {
      "version": "1.2.6",
      "resolved": "https://registry.npmjs.org/minimist/-/minimist-1.2.6.tgz",
      "integrity": "sha512-Jsjnk4bw3YJqYzbdyBiNsPWHPfO++UGG749Cxs6peCu5Xg4nrena6OVxOYxrQTqww0Jmwt+Ref8rggumkTLz9Q=="
    },
    "mustache": {
      "version": "4.2.0",
      "resolved": "https://registry.npmjs.org/mustache/-/mustache-4.2.0.tgz",
      "integrity": "sha512-71ippSywq5Yb7/tVYyGbkBggbU8H3u5Rz56fH60jGFgr8uHwxs+aSKeqmluIVzM0m0kB7xQjKS6qPfd0b2ZoqQ=="
    },
    "prettier": {
      "version": "2.7.1",
      "resolved": "https://registry.npmjs.org/prettier/-/prettier-2.7.1.tgz",
      "integrity": "sha512-ujppO+MkdPqoVINuDFDRLClm7D78qbDt0/NR+wp5FqEZOoTNAjPHWj17QRhu7geIHJfcNhRk1XVQmF8Bp3ye+g==",
      "dev": true
    },
    "prettier-plugin-svelte": {
      "version": "2.7.0",
      "resolved": "https://registry.npmjs.org/prettier-plugin-svelte/-/prettier-plugin-svelte-2.7.0.tgz",
      "integrity": "sha512-fQhhZICprZot2IqEyoiUYLTRdumULGRvw0o4dzl5jt0jfzVWdGqeYW27QTWAeXhoupEZJULmNoH3ueJwUWFLIA==",
      "optional": true
    },
    "prompts": {
      "version": "2.4.2",
      "resolved": "https://registry.npmjs.org/prompts/-/prompts-2.4.2.tgz",
      "integrity": "sha512-NxNv/kLguCA7p3jE8oL2aEBsrJWgAakBpgmgK6lpPWV+WuOmY6r2/zbAVnP+T8bQlA0nzHXSJSJW0Hq7ylaD2Q==",
      "requires": {
        "kleur": "^3.0.3",
        "sisteransi": "^1.0.5"
      }
    },
    "sisteransi": {
      "version": "1.0.5",
      "resolved": "https://registry.npmjs.org/sisteransi/-/sisteransi-1.0.5.tgz",
      "integrity": "sha512-bLGGlR1QxBcynn2d5YmDX4MGjlZvy2MRBDRNHLJ8VI6l6+9FUiyTFNJ0IveOSP0bcXgVDPRcfGqA0pjaqUpfVg=="
    },
    "svelte": {
      "version": "3.48.0",
      "resolved": "https://registry.npmjs.org/svelte/-/svelte-3.48.0.tgz",
      "integrity": "sha512-fN2YRm/bGumvjUpu6yI3BpvZnpIm9I6A7HR4oUNYd7ggYyIwSA/BX7DJ+UXXffLp6XNcUijyLvttbPVCYa/3xQ==",
      "optional": true
    }
  }
}
